
Microsoft Visual Studio Solution File, Format Version 12.00
# Visual Studio Version 16
VisualStudioVersion = 16.0.29306.81
MinimumVisualStudioVersion = 10.0.40219.1
Project("{FAE04EC0-301F-11D3-BF4B-00C04F79EFBC}") = "Bomberman", "Bomberman.csproj", "{A5E8E117-FCB3-4576-A446-4E41C8E30253}"
EndProject
Global
	GlobalSection(SolutionConfigurationPlatforms) = preSolution
		Debug|Any CPU = Debug|Any CPU
		Release|Any CPU = Release|Any CPU
	EndGlobalSection
	GlobalSection(ProjectConfigurationPlatforms) = postSolution
		{A5E8E117-FCB3-4576-A446-4E41C8E30253}.Debug|Any CPU.ActiveCfg = Debug|Any CPU
		{A5E8E117-FCB3-4576-A446-4E41C8E30253}.Debug|Any CPU.Build.0 = Debug|Any CPU
		{A5E8E117-FCB3-4576-A446-4E41C8E30253}.Release|Any CPU.ActiveCfg = Release|Any CPU
		{A5E8E117-FCB3-4576-A446-4E41C8E30253}.Release|Any CPU.Build.0 = Release|Any CPU
	EndGlobalSection
	GlobalSection(SolutionProperties) = preSolution
		HideSolutionNode = FALSE
	EndGlobalSection
	GlobalSection(ExtensibilityGlobals) = postSolution
		SolutionGuid = {F8725497-73DD-4482-9D58-6217720AAEC0}
	EndGlobalSection
EndGlobal
